
Microsoft Visual Studio Solution File, Format Version 12.00
# Visual Studio 2013
VisualStudioVersion = 12.0.40629.0
MinimumVisualStudioVersion = 10.0.40219.1
Project("{FAE04EC0-301F-11D3-BF4B-00C04F79EFBC}") = "Frink", "Frink\Frink.csproj", "{62E5AFA7-553F-4510-8CF2-83DD9FFEF801}"
EndProject
Project("{FAE04EC0-301F-11D3-BF4B-00C04F79EFBC}") = "BackgroundRest", "BackgroundRest\BackgroundRest.csproj", "{3C205640-594D-43E0-AA38-3148FB724C87}"
EndProject
Global
	GlobalSection(SolutionConfigurationPlatforms) = preSolution
		Debug|Any CPU = Debug|Any CPU
		Debug|ARM = Debug|ARM
		Debug|x86 = Debug|x86
		Release|Any CPU = Release|Any CPU
		Release|ARM = Release|ARM
		Release|x86 = Release|x86
	EndGlobalSection
	GlobalSection(ProjectConfigurationPlatforms) = postSolution
		{62E5AFA7-553F-4510-8CF2-83DD9FFEF801}.Debug|Any CPU.ActiveCfg = Debug|Any CPU
		{62E5AFA7-553F-4510-8CF2-83DD9FFEF801}.Debug|Any CPU.Build.0 = Debug|Any CPU
		{62E5AFA7-553F-4510-8CF2-83DD9FFEF801}.Debug|Any CPU.Deploy.0 = Debug|Any CPU
		{62E5AFA7-553F-4510-8CF2-83DD9FFEF801}.Debug|ARM.ActiveCfg = Debug|ARM
		{62E5AFA7-553F-4510-8CF2-83DD9FFEF801}.Debug|ARM.Build.0 = Debug|ARM
		{62E5AFA7-553F-4510-8CF2-83DD9FFEF801}.Debug|ARM.Deploy.0 = Debug|ARM
		{62E5AFA7-553F-4510-8CF2-83DD9FFEF801}.Debug|x86.ActiveCfg = Debug|x86
		{62E5AFA7-553F-4510-8CF2-83DD9FFEF801}.Debug|x86.Build.0 = Debug|x86
		{62E5AFA7-553F-4510-8CF2-83DD9FFEF801}.Debug|x86.Deploy.0 = Debug|x86
		{62E5AFA7-553F-4510-8CF2-83DD9FFEF801}.Release|Any CPU.ActiveCfg = Release|Any CPU
		{62E5AFA7-553F-4510-8CF2-83DD9FFEF801}.Release|Any CPU.Build.0 = Release|Any CPU
		{62E5AFA7-553F-4510-8CF2-83DD9FFEF801}.Release|Any CPU.Deploy.0 = Release|Any CPU
		{62E5AFA7-553F-4510-8CF2-83DD9FFEF801}.Release|ARM.ActiveCfg = Release|ARM
		{62E5AFA7-553F-4510-8CF2-83DD9FFEF801}.Release|ARM.Build.0 = Release|ARM
		{62E5AFA7-553F-4510-8CF2-83DD9FFEF801}.Release|ARM.Deploy.0 = Release|ARM
		{62E5AFA7-553F-4510-8CF2-83DD9FFEF801}.Release|x86.ActiveCfg = Release|x86
		{62E5AFA7-553F-4510-8CF2-83DD9FFEF801}.Release|x86.Build.0 = Release|x86
		{62E5AFA7-553F-4510-8CF2-83DD9FFEF801}.Release|x86.Deploy.0 = Release|x86
		{3C205640-594D-43E0-AA38-3148FB724C87}.Debug|Any CPU.ActiveCfg = Debug|Any CPU
		{3C205640-594D-43E0-AA38-3148FB724C87}.Debug|Any CPU.Build.0 = Debug|Any CPU
		{3C205640-594D-43E0-AA38-3148FB724C87}.Debug|ARM.ActiveCfg = Debug|ARM
		{3C205640-594D-43E0-AA38-3148FB724C87}.Debug|ARM.Build.0 = Debug|ARM
		{3C205640-594D-43E0-AA38-3148FB724C87}.Debug|x86.ActiveCfg = Debug|x86
		{3C205640-594D-43E0-AA38-3148FB724C87}.Debug|x86.Build.0 = Debug|x86
		{3C205640-594D-43E0-AA38-3148FB724C87}.Release|Any CPU.ActiveCfg = Release|Any CPU
		{3C205640-594D-43E0-AA38-3148FB724C87}.Release|Any CPU.Build.0 = Release|Any CPU
		{3C205640-594D-43E0-AA38-3148FB724C87}.Release|ARM.ActiveCfg = Release|ARM
		{3C205640-594D-43E0-AA38-3148FB724C87}.Release|ARM.Build.0 = Release|ARM
		{3C205640-594D-43E0-AA38-3148FB724C87}.Release|x86.ActiveCfg = Release|x86
		{3C205640-594D-43E0-AA38-3148FB724C87}.Release|x86.Build.0 = Release|x86
	EndGlobalSection
	GlobalSection(SolutionProperties) = preSolution
		HideSolutionNode = FALSE
	EndGlobalSection
EndGlobal
